// !$*UTF8*$!
{
	archiveVersion = 1;
	classes = {
	};
	objectVersion = 46;
	objects = {

/* Begin PBXBuildFile section */
		9CB821A71CEFFBAB007A3E1F /* AppDelegate.swift in Sources */ = {isa = PBXBuildFile; fileRef = 9CB821A61CEFFBAB007A3E1F /* AppDelegate.swift */; };
		9CB821A91CEFFBAB007A3E1F /* Assets.xcassets in Resources */ = {isa = PBXBuildFile; fileRef = 9CB821A81CEFFBAB007A3E1F /* Assets.xcassets */; };
		9CB821AC1CEFFBAB007A3E1F /* MainMenu.xib in Resources */ = {isa = PBXBuildFile; fileRef = 9CB821AA1CEFFBAB007A3E1F /* MainMenu.xib */; };
		9CB821B71CEFFBAB007A3E1F /* Hero_WorkshopTests.swift in Sources */ = {isa = PBXBuildFile; fileRef = 9CB821B61CEFFBAB007A3E1F /* Hero_WorkshopTests.swift */; };
		9CB821C21CEFFBAC007A3E1F /* Hero_WorkshopUITests.swift in Sources */ = {isa = PBXBuildFile; fileRef = 9CB821C11CEFFBAC007A3E1F /* Hero_WorkshopUITests.swift */; };
/* End PBXBuildFile section */

/* Begin PBXContainerItemProxy section */
		9CB821B31CEFFBAB007A3E1F /* PBXContainerItemProxy */ = {
			isa = PBXContainerItemProxy;
			containerPortal = 9CB8219B1CEFFBAB007A3E1F /* Project object */;
			proxyType = 1;
			remoteGlobalIDString = 9CB821A21CEFFBAB007A3E1F;
			remoteInfo = "Hero Workshop";
		};
		9CB821BE1CEFFBAC007A3E1F /* PBXContainerItemProxy */ = {
			isa = PBXContainerItemProxy;
			containerPortal = 9CB8219B1CEFFBAB007A3E1F /* Project object */;
			proxyType = 1;
			remoteGlobalIDString = 9CB821A21CEFFBAB007A3E1F;
			remoteInfo = "Hero Workshop";
		};
/* End PBXContainerItemProxy section */

/* Begin PBXFileReference section */
		9CB821A31CEFFBAB007A3E1F /* Hero Workshop.app */ = {isa = PBXFileReference; explicitFileType = wrapper.application; includeInIndex = 0; path = "Hero Workshop.app"; sourceTree = BUILT_PRODUCTS_DIR; };
		9CB821A61CEFFBAB007A3E1F /* AppDelegate.swift */ = {isa = PBXFileReference; lastKnownFileType = sourcecode.swift; path = AppDelegate.swift; sourceTree = "<group>"; };
		9CB821A81CEFFBAB007A3E1F /* Assets.xcassets */ = {isa = PBXFileReference; lastKnownFileType = folder.assetcatalog; path = Assets.xcassets; sourceTree = "<group>"; };
		9CB821AB1CEFFBAB007A3E1F /* Base */ = {isa = PBXFileReference; lastKnownFileType = file.xib; name = Base; path = Base.lproj/MainMenu.xib; sourceTree = "<group>"; };
		9CB821AD1CEFFBAB007A3E1F /* Info.plist */ = {isa = PBXFileReference; lastKnownFileType = text.plist.xml; path = Info.plist; sourceTree = "<group>"; };
		9CB821B21CEFFBAB007A3E1F /* Hero WorkshopTests.xctest */ = {isa = PBXFileReference; explicitFileType = wrapper.cfbundle; includeInIndex = 0; path = "Hero WorkshopTests.xctest"; sourceTree = BUILT_PRODUCTS_DIR; };
		9CB821B61CEFFBAB007A3E1F /* Hero_WorkshopTests.swift */ = {isa = PBXFileReference; lastKnownFileType = sourcecode.swift; path = Hero_WorkshopTests.swift; sourceTree = "<group>"; };
		9CB821B81CEFFBAB007A3E1F /* Info.plist */ = {isa = PBXFileReference; lastKnownFileType = text.plist.xml; path = Info.plist; sourceTree = "<group>"; };
		9CB821BD1CEFFBAC007A3E1F /* Hero WorkshopUITests.xctest */ = {isa = PBXFileReference; explicitFileType = wrapper.cfbundle; includeInIndex = 0; path = "Hero WorkshopUITests.xctest"; sourceTree = BUILT_PRODUCTS_DIR; };
		9CB821C11CEFFBAC007A3E1F /* Hero_WorkshopUITests.swift */ = {isa = PBXFileReference; lastKnownFileType = sourcecode.swift; path = Hero_WorkshopUITests.swift; sourceTree = "<group>"; };
		9CB821C31CEFFBAC007A3E1F /* Info.plist */ = {isa = PBXFileReference; lastKnownFileType = text.plist.xml; path = Info.plist; sourceTree = "<group>"; };
/* End PBXFileReference section */

/* Begin PBXFrameworksBuildPhase section */
		9CB821A01CEFFBAB007A3E1F /* Frameworks */ = {
			isa = PBXFrameworksBuildPhase;
			buildActionMask = 2147483647;
			files = (
			);
			runOnlyForDeploymentPostprocessing = 0;
		};
		9CB821AF1CEFFBAB007A3E1F /* Frameworks */ = {
			isa = PBXFrameworksBuildPhase;
			buildActionMask = 2147483647;
			files = (
			);
			runOnlyForDeploymentPostprocessing = 0;
		};
		9CB821BA1CEFFBAC007A3E1F /* Frameworks */ = {
			isa = PBXFrameworksBuildPhase;
			buildActionMask = 2147483647;
			files = (
			);
			runOnlyForDeploymentPostprocessing = 0;
		};
/* End PBXFrameworksBuildPhase section */

/* Begin PBXGroup section */
		9CB8219A1CEFFBAB007A3E1F = {
			isa = PBXGroup;
			children = (
				9CB821A51CEFFBAB007A3E1F /* Hero Workshop */,
				9CB821B51CEFFBAB007A3E1F /* Hero WorkshopTests */,
				9CB821C01CEFFBAC007A3E1F /* Hero WorkshopUITests */,
				9CB821A41CEFFBAB007A3E1F /* Products */,
			);
			sourceTree = "<group>";
		};
		9CB821A41CEFFBAB007A3E1F /* Products */ = {
			isa = PBXGroup;
			children = (
				9CB821A31CEFFBAB007A3E1F /* Hero Workshop.app */,
				9CB821B21CEFFBAB007A3E1F /* Hero WorkshopTests.xctest */,
				9CB821BD1CEFFBAC007A3E1F /* Hero WorkshopUITests.xctest */,
			);
			name = Products;
			sourceTree = "<group>";
		};
		9CB821A51CEFFBAB007A3E1F /* Hero Workshop */ = {
			isa = PBXGroup;
			children = (
				9CB821A61CEFFBAB007A3E1F /* AppDelegate.swift */,
				9CB821A81CEFFBAB007A3E1F /* Assets.xcassets */,
				9CB821AA1CEFFBAB007A3E1F /* MainMenu.xib */,
				9CB821AD1CEFFBAB007A3E1F /* Info.plist */,
			);
			path = "Hero Workshop";
			sourceTree = "<group>";
		};
		9CB821B51CEFFBAB007A3E1F /* Hero WorkshopTests */ = {
			isa = PBXGroup;
			children = (
				9CB821B61CEFFBAB007A3E1F /* Hero_WorkshopTests.swift */,
				9CB821B81CEFFBAB007A3E1F /* Info.plist */,
			);
			path = "Hero WorkshopTests";
			sourceTree = "<group>";
		};
		9CB821C01CEFFBAC007A3E1F /* Hero WorkshopUITests */ = {
			isa = PBXGroup;
			children = (
				9CB821C11CEFFBAC007A3E1F /* Hero_WorkshopUITests.swift */,
				9CB821C31CEFFBAC007A3E1F /* Info.plist */,
			);
			path = "Hero WorkshopUITests";
			sourceTree = "<group>";
		};
/* End PBXGroup section */

/* Begin PBXNativeTarget section */
		9CB821A21CEFFBAB007A3E1F /* Hero Workshop */ = {
			isa = PBXNativeTarget;
			buildConfigurationList = 9CB821C61CEFFBAC007A3E1F /* Build configuration list for PBXNativeTarget "Hero Workshop" */;
			buildPhases = (
				9CB8219F1CEFFBAB007A3E1F /* Sources */,
				9CB821A01CEFFBAB007A3E1F /* Frameworks */,
				9CB821A11CEFFBAB007A3E1F /* Resources */,
			);
			buildRules = (
			);
			dependencies = (
			);
			name = "Hero Workshop";
			productName = "Hero Workshop";
			productReference = 9CB821A31CEFFBAB007A3E1F /* Hero Workshop.app */;
			productType = "com.apple.product-type.application";
		};
		9CB821B11CEFFBAB007A3E1F /* Hero WorkshopTests */ = {
			isa = PBXNativeTarget;
			buildConfigurationList = 9CB821C91CEFFBAC007A3E1F /* Build configuration list for PBXNativeTarget "Hero WorkshopTests" */;
			buildPhases = (
				9CB821AE1CEFFBAB007A3E1F /* Sources */,
				9CB821AF1CEFFBAB007A3E1F /* Frameworks */,
				9CB821B01CEFFBAB007A3E1F /* Resources */,
			);
			buildRules = (
			);
			dependencies = (
				9CB821B41CEFFBAB007A3E1F /* PBXTargetDependency */,
			);
			name = "Hero WorkshopTests";
			productName = "Hero WorkshopTests";
			productReference = 9CB821B21CEFFBAB007A3E1F /* Hero WorkshopTests.xctest */;
			productType = "com.apple.product-type.bundle.unit-test";
		};
		9CB821BC1CEFFBAC007A3E1F /* Hero WorkshopUITests */ = {
			isa = PBXNativeTarget;
			buildConfigurationList = 9CB821CC1CEFFBAC007A3E1F /* Build configuration list for PBXNativeTarget "Hero WorkshopUITests" */;
			buildPhases = (
				9CB821B91CEFFBAC007A3E1F /* Sources */,
				9CB821BA1CEFFBAC007A3E1F /* Frameworks */,
				9CB821BB1CEFFBAC007A3E1F /* Resources */,
			);
			buildRules = (
			);
			dependencies = (
				9CB821BF1CEFFBAC007A3E1F /* PBXTargetDependency */,
			);
			name = "Hero WorkshopUITests";
			productName = "Hero WorkshopUITests";
			productReference = 9CB821BD1CEFFBAC007A3E1F /* Hero WorkshopUITests.xctest */;
			productType = "com.apple.product-type.bundle.ui-testing";
		};
/* End PBXNativeTarget section */

/* Begin PBXProject section */
		9CB8219B1CEFFBAB007A3E1F /* Project object */ = {
			isa = PBXProject;
			attributes = {
				LastSwiftUpdateCheck = 0730;
				LastUpgradeCheck = 0730;
				ORGANIZATIONNAME = "Joel Bradley";
				TargetAttributes = {
					9CB821A21CEFFBAB007A3E1F = {
						CreatedOnToolsVersion = 7.3.1;
					};
					9CB821B11CEFFBAB007A3E1F = {
						CreatedOnToolsVersion = 7.3.1;
						TestTargetID = 9CB821A21CEFFBAB007A3E1F;
					};
					9CB821BC1CEFFBAC007A3E1F = {
						CreatedOnToolsVersion = 7.3.1;
						TestTargetID = 9CB821A21CEFFBAB007A3E1F;
					};
				};
			};
			buildConfigurationList = 9CB8219E1CEFFBAB007A3E1F /* Build configuration list for PBXProject "Hero Workshop" */;
			compatibilityVersion = "Xcode 3.2";
			developmentRegion = English;
			hasScannedForEncodings = 0;
			knownRegions = (
				en,
				Base,
			);
			mainGroup = 9CB8219A1CEFFBAB007A3E1F;
			productRefGroup = 9CB821A41CEFFBAB007A3E1F /* Products */;
			projectDirPath = "";
			projectRoot = "";
			targets = (
				9CB821A21CEFFBAB007A3E1F /* Hero Workshop */,
				9CB821B11CEFFBAB007A3E1F /* Hero WorkshopTests */,
				9CB821BC1CEFFBAC007A3E1F /* Hero WorkshopUITests */,
			);
		};
/* End PBXProject section */

/* Begin PBXResourcesBuildPhase section */
		9CB821A11CEFFBAB007A3E1F /* Resources */ = {
			isa = PBXResourcesBuildPhase;
			buildActionMask = 2147483647;
			files = (
				9CB821A91CEFFBAB007A3E1F /* Assets.xcassets in Resources */,
				9CB821AC1CEFFBAB007A3E1F /* MainMenu.xib in Resources */,
			);
			runOnlyForDeploymentPostprocessing = 0;
		};
		9CB821B01CEFFBAB007A3E1F /* Resources */ = {
			isa = PBXResourcesBuildPhase;
			buildActionMask = 2147483647;
			files = (
			);
			runOnlyForDeploymentPostprocessing = 0;
		};
		9CB821BB1CEFFBAC007A3E1F /* Resources */ = {
			isa = PBXResourcesBuildPhase;
			buildActionMask = 2147483647;
			files = (
			);
			runOnlyForDeploymentPostprocessing = 0;
		};
/* End PBXResourcesBuildPhase section */

/* Begin PBXSourcesBuildPhase section */
		9CB8219F1CEFFBAB007A3E1F /* Sources */ = {
			isa = PBXSourcesBuildPhase;
			buildActionMask = 2147483647;
			files = (
				9CB821A71CEFFBAB007A3E1F /* AppDelegate.swift in Sources */,
			);
			runOnlyForDeploymentPostprocessing = 0;
		};
		9CB821AE1CEFFBAB007A3E1F /* Sources */ = {
			isa = PBXSourcesBuildPhase;
			buildActionMask = 2147483647;
			files = (
				9CB821B71CEFFBAB007A3E1F /* Hero_WorkshopTests.swift in Sources */,
			);
			runOnlyForDeploymentPostprocessing = 0;
		};
		9CB821B91CEFFBAC007A3E1F /* Sources */ = {
			isa = PBXSourcesBuildPhase;
			buildActionMask = 2147483647;
			files = (
				9CB821C21CEFFBAC007A3E1F /* Hero_WorkshopUITests.swift in Sources */,
			);
			runOnlyForDeploymentPostprocessing = 0;
		};
/* End PBXSourcesBuildPhase section */

/* Begin PBXTargetDependency section */
		9CB821B41CEFFBAB007A3E1F /* PBXTargetDependency */ = {
			isa = PBXTargetDependency;
			target = 9CB821A21CEFFBAB007A3E1F /* Hero Workshop */;
			targetProxy = 9CB821B31CEFFBAB007A3E1F /* PBXContainerItemProxy */;
		};
		9CB821BF1CEFFBAC007A3E1F /* PBXTargetDependency */ = {
			isa = PBXTargetDependency;
			target = 9CB821A21CEFFBAB007A3E1F /* Hero Workshop */;
			targetProxy = 9CB821BE1CEFFBAC007A3E1F /* PBXContainerItemProxy */;
		};
/* End PBXTargetDependency section */

/* Begin PBXVariantGroup section */
		9CB821AA1CEFFBAB007A3E1F /* MainMenu.xib */ = {
			isa = PBXVariantGroup;
			children = (
				9CB821AB1CEFFBAB007A3E1F /* Base */,
			);
			name = MainMenu.xib;
			sourceTree = "<group>";
		};
/* End PBXVariantGroup section */

/* Begin XCBuildConfiguration section */
		9CB821C41CEFFBAC007A3E1F /* Debug */ = {
			isa = XCBuildConfiguration;
			buildSettings = {
				ALWAYS_SEARCH_USER_PATHS = NO;
				CLANG_ANALYZER_NONNULL = YES;
				CLANG_CXX_LANGUAGE_STANDARD = "gnu++0x";
				CLANG_CXX_LIBRARY = "libc++";
				CLANG_ENABLE_MODULES = YES;
				CLANG_ENABLE_OBJC_ARC = YES;
				CLANG_WARN_BOOL_CONVERSION = YES;
				CLANG_WARN_CONSTANT_CONVERSION = YES;
				CLANG_WARN_DIRECT_OBJC_ISA_USAGE = YES_ERROR;
				CLANG_WARN_EMPTY_BODY = YES;
				CLANG_WARN_ENUM_CONVERSION = YES;
				CLANG_WARN_INT_CONVERSION = YES;
				CLANG_WARN_OBJC_ROOT_CLASS = YES_ERROR;
				CLANG_WARN_UNREACHABLE_CODE = YES;
				CLANG_WARN__DUPLICATE_METHOD_MATCH = YES;
				CODE_SIGN_IDENTITY = "-";
				COPY_PHASE_STRIP = NO;
				DEBUG_INFORMATION_FORMAT = dwarf;
				ENABLE_STRICT_OBJC_MSGSEND = YES;
				ENABLE_TESTABILITY = YES;
				GCC_C_LANGUAGE_STANDARD = gnu99;
				GCC_DYNAMIC_NO_PIC = NO;
				GCC_NO_COMMON_BLOCKS = YES;
				GCC_OPTIMIZATION_LEVEL = 0;
				GCC_PREPROCESSOR_DEFINITIONS = (
					"DEBUG=1",
					"$(inherited)",
				);
				GCC_WARN_64_TO_32_BIT_CONVERSION = YES;
				GCC_WARN_ABOUT_RETURN_TYPE = YES_ERROR;
				GCC_WARN_UNDECLARED_SELECTOR = YES;
				GCC_WARN_UNINITIALIZED_AUTOS = YES_AGGRESSIVE;
				GCC_WARN_UNUSED_FUNCTION = YES;
				GCC_WARN_UNUSED_VARIABLE = YES;
				MACOSX_DEPLOYMENT_TARGET = 10.11;
				MTL_ENABLE_DEBUG_INFO = YES;
				ONLY_ACTIVE_ARCH = YES;
				SDKROOT = macosx;
				SWIFT_OPTIMIZATION_LEVEL = "-Onone";
			};
			name = Debug;
		};
		9CB821C51CEFFBAC007A3E1F /* Release */ = {
			isa = XCBuildConfiguration;
			buildSettings = {
				ALWAYS_SEARCH_USER_PATHS = NO;
				CLANG_ANALYZER_NONNULL = YES;
				CLANG_CXX_LANGUAGE_STANDARD = "gnu++0x";
				CLANG_CXX_LIBRARY = "libc++";
				CLANG_ENABLE_MODULES = YES;
				CLANG_ENABLE_OBJC_ARC = YES;
				CLANG_WARN_BOOL_CONVERSION = YES;
				CLANG_WARN_CONSTANT_CONVERSION = YES;
				CLANG_WARN_DIRECT_OBJC_ISA_USAGE = YES_ERROR;
				CLANG_WARN_EMPTY_BODY = YES;
				CLANG_WARN_ENUM_CONVERSION = YES;
				CLANG_WARN_INT_CONVERSION = YES;
				CLANG_WARN_OBJC_ROOT_CLASS = YES_ERROR;
				CLANG_WARN_UNREACHABLE_CODE = YES;
				CLANG_WARN__DUPLICATE_METHOD_MATCH = YES;
				CODE_SIGN_IDENTITY = "-";
				COPY_PHASE_STRIP = NO;
				DEBUG_INFORMATION_FORMAT = "dwarf-with-dsym";
				ENABLE_NS_ASSERTIONS = NO;
				ENABLE_STRICT_OBJC_MSGSEND = YES;
				GCC_C_LANGUAGE_STANDARD = gnu99;
				GCC_NO_COMMON_BLOCKS = YES;
				GCC_WARN_64_TO_32_BIT_CONVERSION = YES;
				GCC_WARN_ABOUT_RETURN_TYPE = YES_ERROR;
				GCC_WARN_UNDECLARED_SELECTOR = YES;
				GCC_WARN_UNINITIALIZED_AUTOS = YES_AGGRESSIVE;
				GCC_WARN_UNUSED_FUNCTION = YES;
				GCC_WARN_UNUSED_VARIABLE = YES;
				MACOSX_DEPLOYMENT_TARGET = 10.11;
				MTL_ENABLE_DEBUG_INFO = NO;
				SDKROOT = macosx;
			};
			name = Release;
		};
		9CB821C71CEFFBAC007A3E1F /* Debug */ = {
			isa = XCBuildConfiguration;
			buildSettings = {
				ASSETCATALOG_COMPILER_APPICON_NAME = AppIcon;
				COMBINE_HIDPI_IMAGES = YES;
				INFOPLIST_FILE = "Hero Workshop/Info.plist";
				LD_RUNPATH_SEARCH_PATHS = "$(inherited) @executable_path/../Frameworks";
				PRODUCT_BUNDLE_IDENTIFIER = "zombiesausage.Hero-Workshop";
				PRODUCT_NAME = "$(TARGET_NAME)";
			};
			name = Debug;
		};
		9CB821C81CEFFBAC007A3E1F /* Release */ = {
			isa = XCBuildConfiguration;
			buildSettings = {
				ASSETCATALOG_COMPILER_APPICON_NAME = AppIcon;
				COMBINE_HIDPI_IMAGES = YES;
				INFOPLIST_FILE = "Hero Workshop/Info.plist";
				LD_RUNPATH_SEARCH_PATHS = "$(inherited) @executable_path/../Frameworks";
				PRODUCT_BUNDLE_IDENTIFIER = "zombiesausage.Hero-Workshop";
				PRODUCT_NAME = "$(TARGET_NAME)";
			};
			name = Release;
		};
		9CB821CA1CEFFBAC007A3E1F /* Debug */ = {
			isa = XCBuildConfiguration;
			buildSettings = {
				BUNDLE_LOADER = "$(TEST_HOST)";
				COMBINE_HIDPI_IMAGES = YES;
				INFOPLIST_FILE = "Hero WorkshopTests/Info.plist";
				LD_RUNPATH_SEARCH_PATHS = "$(inherited) @executable_path/../Frameworks @loader_path/../Frameworks";
				PRODUCT_BUNDLE_IDENTIFIER = "zombiesausage.Hero-WorkshopTests";
				PRODUCT_NAME = "$(TARGET_NAME)";
				TEST_HOST = "$(BUILT_PRODUCTS_DIR)/Hero Workshop.app/Contents/MacOS/Hero Workshop";
			};
			name = Debug;
		};
		9CB821CB1CEFFBAC007A3E1F /* Release */ = {
			isa = XCBuildConfiguration;
			buildSettings = {
				BUNDLE_LOADER = "$(TEST_HOST)";
				COMBINE_HIDPI_IMAGES = YES;
				INFOPLIST_FILE = "Hero WorkshopTests/Info.plist";
				LD_RUNPATH_SEARCH_PATHS = "$(inherited) @executable_path/../Frameworks @loader_path/../Frameworks";
				PRODUCT_BUNDLE_IDENTIFIER = "zombiesausage.Hero-WorkshopTests";
				PRODUCT_NAME = "$(TARGET_NAME)";
				TEST_HOST = "$(BUILT_PRODUCTS_DIR)/Hero Workshop.app/Contents/MacOS/Hero Workshop";
			};
			name = Release;
		};
		9CB821CD1CEFFBAC007A3E1F /* Debug */ = {
			isa = XCBuildConfiguration;
			buildSettings = {
				COMBINE_HIDPI_IMAGES = YES;
				INFOPLIST_FILE = "Hero WorkshopUITests/Info.plist";
				LD_RUNPATH_SEARCH_PATHS = "$(inherited) @executable_path/../Frameworks @loader_path/../Frameworks";
				PRODUCT_BUNDLE_IDENTIFIER = "zombiesausage.Hero-WorkshopUITests";
				PRODUCT_NAME = "$(TARGET_NAME)";
				TEST_TARGET_NAME = "Hero Workshop";
			};
			name = Debug;
		};
		9CB821CE1CEFFBAC007A3E1F /* Release */ = {
			isa = XCBuildConfiguration;
			buildSettings = {
				COMBINE_HIDPI_IMAGES = YES;
				INFOPLIST_FILE = "Hero WorkshopUITests/Info.plist";
				LD_RUNPATH_SEARCH_PATHS = "$(inherited) @executable_path/../Frameworks @loader_path/../Frameworks";
				PRODUCT_BUNDLE_IDENTIFIER = "zombiesausage.Hero-WorkshopUITests";
				PRODUCT_NAME = "$(TARGET_NAME)";
				TEST_TARGET_NAME = "Hero Workshop";
			};
			name = Release;
		};
/* End XCBuildConfiguration section */

/* Begin XCConfigurationList section */
		9CB8219E1CEFFBAB007A3E1F /* Build configuration list for PBXProject "Hero Workshop" */ = {
			isa = XCConfigurationList;
			buildConfigurations = (
				9CB821C41CEFFBAC007A3E1F /* Debug */,
				9CB821C51CEFFBAC007A3E1F /* Release */,
			);
			defaultConfigurationIsVisible = 0;
			defaultConfigurationName = Release;
		};
		9CB821C61CEFFBAC007A3E1F /* Build configuration list for PBXNativeTarget "Hero Workshop" */ = {
			isa = XCConfigurationList;
			buildConfigurations = (
				9CB821C71CEFFBAC007A3E1F /* Debug */,
				9CB821C81CEFFBAC007A3E1F /* Release */,
			);
			defaultConfigurationIsVisible = 0;
		};
		9CB821C91CEFFBAC007A3E1F /* Build configuration list for PBXNativeTarget "Hero WorkshopTests" */ = {
			isa = XCConfigurationList;
			buildConfigurations = (
				9CB821CA1CEFFBAC007A3E1F /* Debug */,
				9CB821CB1CEFFBAC007A3E1F /* Release */,
			);
			defaultConfigurationIsVisible = 0;
		};
		9CB821CC1CEFFBAC007A3E1F /* Build configuration list for PBXNativeTarget "Hero WorkshopUITests" */ = {
			isa = XCConfigurationList;
			buildConfigurations = (
				9CB821CD1CEFFBAC007A3E1F /* Debug */,
				9CB821CE1CEFFBAC007A3E1F /* Release */,
			);
			defaultConfigurationIsVisible = 0;
		};
/* End XCConfigurationList section */
	};
	rootObject = 9CB8219B1CEFFBAB007A3E1F /* Project object */;
}
